
Microsoft Visual Studio Solution File, Format Version 12.00
# Visual Studio Version 16
VisualStudioVersion = 16.0.30621.155
MinimumVisualStudioVersion = 10.0.40219.1
Project("{FAE04EC0-301F-11D3-BF4B-00C04F79EFBC}") = "Challenge_1_Console", "Challenge_1\Challenge_1_Console.csproj", "{ED1B5243-14CA-4149-A8B1-E726759FBB17}"
EndProject
Project("{FAE04EC0-301F-11D3-BF4B-00C04F79EFBC}") = "Challenge_1_Repository", "Challenge_1_Repository\Challenge_1_Repository.csproj", "{1682A4A9-175E-4516-A2EF-8308F87B7291}"
EndProject
Project("{FAE04EC0-301F-11D3-BF4B-00C04F79EFBC}") = "Challenge_1_Tests", "Challenge_1_Tests\Challenge_1_Tests.csproj", "{046789BB-9505-4D41-8951-112E5D7113C5}"
EndProject
Project("{FAE04EC0-301F-11D3-BF4B-00C04F79EFBC}") = "Challenge_2_Console", "Challenge_2_Console\Challenge_2_Console.csproj", "{8E5DE5C4-487F-4081-8433-1ABEE7445A96}"
EndProject
Project("{FAE04EC0-301F-11D3-BF4B-00C04F79EFBC}") = "Challenge_2_Repository", "Challenge_2_Repository\Challenge_2_Repository.csproj", "{45E37529-828A-4DDB-B8B5-A5814A36E573}"
EndProject
Project("{FAE04EC0-301F-11D3-BF4B-00C04F79EFBC}") = "Challenge_3_Repository", "Challenge_3_Repository\Challenge_3_Repository.csproj", "{403F6179-84E7-4C1D-93B5-16B5DBF0EF4D}"
EndProject
Project("{FAE04EC0-301F-11D3-BF4B-00C04F79EFBC}") = "Challenge_3_Console", "Challenge_3_Console\Challenge_3_Console.csproj", "{6E5D1A6C-E45F-43EB-90F4-A33623A365D4}"
EndProject
Project("{FAE04EC0-301F-11D3-BF4B-00C04F79EFBC}") = "Challenge_3_Tests", "Challenge_3_Tests\Challenge_3_Tests.csproj", "{462FEA0E-74F8-4738-B976-E926AF50945D}"
EndProject
Project("{FAE04EC0-301F-11D3-BF4B-00C04F79EFBC}") = "Challenge_2_Tests", "Challenge_2_Tests\Challenge_2_Tests.csproj", "{81022894-68E0-4292-BD54-EA6C0B861BEA}"
EndProject
Project("{FAE04EC0-301F-11D3-BF4B-00C04F79EFBC}") = "Challenge_4_Repository", "Challenge_4_Repository\Challenge_4_Repository.csproj", "{4747200E-68EB-4FA2-9AB5-FFF4D84A829F}"
EndProject
Project("{FAE04EC0-301F-11D3-BF4B-00C04F79EFBC}") = "Challenge_4_Console", "Challenge_4_Console\Challenge_4_Console.csproj", "{7D6FF53D-0FE8-4B1D-A5B3-05CF708DBDC3}"
EndProject
Project("{FAE04EC0-301F-11D3-BF4B-00C04F79EFBC}") = "Challenge_4_Tests", "Challenge_4_Tests\Challenge_4_Tests.csproj", "{E0190ACF-BC03-4567-8F99-D737EEBF11D4}"
EndProject
Project("{FAE04EC0-301F-11D3-BF4B-00C04F79EFBC}") = "Challenge_5_Repository", "Challenge_5_Repository\Challenge_5_Repository.csproj", "{61957ECB-83C3-4FA9-96E3-CA0EC71DAA93}"
EndProject
Project("{FAE04EC0-301F-11D3-BF4B-00C04F79EFBC}") = "Challenge_5_Tests", "UnitTestProject1\Challenge_5_Tests.csproj", "{50A600E1-BE6A-44BE-BEEF-9092CBA53268}"
EndProject
Project("{FAE04EC0-301F-11D3-BF4B-00C04F79EFBC}") = "Challenge_5_Console", "Challenge_5_Console\Challenge_5_Console.csproj", "{7D619417-9313-4258-80FB-D746068D81ED}"
EndProject
Project("{FAE04EC0-301F-11D3-BF4B-00C04F79EFBC}") = "Challenge_6_Repository", "Challenge_6_Repository\Challenge_6_Repository.csproj", "{4B7FC776-530F-4717-A389-164335FDD4D8}"
EndProject
Project("{FAE04EC0-301F-11D3-BF4B-00C04F79EFBC}") = "Challenge_6_Console", "Challenge_6_Console\Challenge_6_Console.csproj", "{569F6444-87A5-46E4-904F-0D13CA455835}"
EndProject
Project("{FAE04EC0-301F-11D3-BF4B-00C04F79EFBC}") = "Challenge_6_Tests", "Challenge_6_Tests\Challenge_6_Tests.csproj", "{F0118A02-FF14-4B42-B09D-FB996B474B68}"
EndProject
Project("{FAE04EC0-301F-11D3-BF4B-00C04F79EFBC}") = "Challenge_8_Repository", "Challenge_8_Repository\Challenge_8_Repository.csproj", "{B0EFBE93-03BD-44EC-95E3-459CE4EC7E84}"
EndProject
Project("{FAE04EC0-301F-11D3-BF4B-00C04F79EFBC}") = "Challenge_8_Console", "Challenge_8_Console\Challenge_8_Console.csproj", "{5E55718A-3299-4F74-8266-2DBE3B066E2B}"
EndProject
Global
	GlobalSection(SolutionConfigurationPlatforms) = preSolution
		Debug|Any CPU = Debug|Any CPU
		Release|Any CPU = Release|Any CPU
	EndGlobalSection
	GlobalSection(ProjectConfigurationPlatforms) = postSolution
		{ED1B5243-14CA-4149-A8B1-E726759FBB17}.Debug|Any CPU.ActiveCfg = Debug|Any CPU
		{ED1B5243-14CA-4149-A8B1-E726759FBB17}.Debug|Any CPU.Build.0 = Debug|Any CPU
		{ED1B5243-14CA-4149-A8B1-E726759FBB17}.Release|Any CPU.ActiveCfg = Release|Any CPU
		{ED1B5243-14CA-4149-A8B1-E726759FBB17}.Release|Any CPU.Build.0 = Release|Any CPU
		{1682A4A9-175E-4516-A2EF-8308F87B7291}.Debug|Any CPU.ActiveCfg = Debug|Any CPU
		{1682A4A9-175E-4516-A2EF-8308F87B7291}.Debug|Any CPU.Build.0 = Debug|Any CPU
		{1682A4A9-175E-4516-A2EF-8308F87B7291}.Release|Any CPU.ActiveCfg = Release|Any CPU
		{1682A4A9-175E-4516-A2EF-8308F87B7291}.Release|Any CPU.Build.0 = Release|Any CPU
		{046789BB-9505-4D41-8951-112E5D7113C5}.Debug|Any CPU.ActiveCfg = Debug|Any CPU
		{046789BB-9505-4D41-8951-112E5D7113C5}.Debug|Any CPU.Build.0 = Debug|Any CPU
		{046789BB-9505-4D41-8951-112E5D7113C5}.Release|Any CPU.ActiveCfg = Release|Any CPU
		{046789BB-9505-4D41-8951-112E5D7113C5}.Release|Any CPU.Build.0 = Release|Any CPU
		{8E5DE5C4-487F-4081-8433-1ABEE7445A96}.Debug|Any CPU.ActiveCfg = Debug|Any CPU
		{8E5DE5C4-487F-4081-8433-1ABEE7445A96}.Debug|Any CPU.Build.0 = Debug|Any CPU
		{8E5DE5C4-487F-4081-8433-1ABEE7445A96}.Release|Any CPU.ActiveCfg = Release|Any CPU
		{8E5DE5C4-487F-4081-8433-1ABEE7445A96}.Release|Any CPU.Build.0 = Release|Any CPU
		{45E37529-828A-4DDB-B8B5-A5814A36E573}.Debug|Any CPU.ActiveCfg = Debug|Any CPU
		{45E37529-828A-4DDB-B8B5-A5814A36E573}.Debug|Any CPU.Build.0 = Debug|Any CPU
		{45E37529-828A-4DDB-B8B5-A5814A36E573}.Release|Any CPU.ActiveCfg = Release|Any CPU
		{45E37529-828A-4DDB-B8B5-A5814A36E573}.Release|Any CPU.Build.0 = Release|Any CPU
		{403F6179-84E7-4C1D-93B5-16B5DBF0EF4D}.Debug|Any CPU.ActiveCfg = Debug|Any CPU
		{403F6179-84E7-4C1D-93B5-16B5DBF0EF4D}.Debug|Any CPU.Build.0 = Debug|Any CPU
		{403F6179-84E7-4C1D-93B5-16B5DBF0EF4D}.Release|Any CPU.ActiveCfg = Release|Any CPU
		{403F6179-84E7-4C1D-93B5-16B5DBF0EF4D}.Release|Any CPU.Build.0 = Release|Any CPU
		{6E5D1A6C-E45F-43EB-90F4-A33623A365D4}.Debug|Any CPU.ActiveCfg = Debug|Any CPU
		{6E5D1A6C-E45F-43EB-90F4-A33623A365D4}.Debug|Any CPU.Build.0 = Debug|Any CPU
		{6E5D1A6C-E45F-43EB-90F4-A33623A365D4}.Release|Any CPU.ActiveCfg = Release|Any CPU
		{6E5D1A6C-E45F-43EB-90F4-A33623A365D4}.Release|Any CPU.Build.0 = Release|Any CPU
		{462FEA0E-74F8-4738-B976-E926AF50945D}.Debug|Any CPU.ActiveCfg = Debug|Any CPU
		{462FEA0E-74F8-4738-B976-E926AF50945D}.Debug|Any CPU.Build.0 = Debug|Any CPU
		{462FEA0E-74F8-4738-B976-E926AF50945D}.Release|Any CPU.ActiveCfg = Release|Any CPU
		{462FEA0E-74F8-4738-B976-E926AF50945D}.Release|Any CPU.Build.0 = Release|Any CPU
		{81022894-68E0-4292-BD54-EA6C0B861BEA}.Debug|Any CPU.ActiveCfg = Debug|Any CPU
		{81022894-68E0-4292-BD54-EA6C0B861BEA}.Debug|Any CPU.Build.0 = Debug|Any CPU
		{81022894-68E0-4292-BD54-EA6C0B861BEA}.Release|Any CPU.ActiveCfg = Release|Any CPU
		{81022894-68E0-4292-BD54-EA6C0B861BEA}.Release|Any CPU.Build.0 = Release|Any CPU
		{4747200E-68EB-4FA2-9AB5-FFF4D84A829F}.Debug|Any CPU.ActiveCfg = Debug|Any CPU
		{4747200E-68EB-4FA2-9AB5-FFF4D84A829F}.Debug|Any CPU.Build.0 = Debug|Any CPU
		{4747200E-68EB-4FA2-9AB5-FFF4D84A829F}.Release|Any CPU.ActiveCfg = Release|Any CPU
		{4747200E-68EB-4FA2-9AB5-FFF4D84A829F}.Release|Any CPU.Build.0 = Release|Any CPU
		{7D6FF53D-0FE8-4B1D-A5B3-05CF708DBDC3}.Debug|Any CPU.ActiveCfg = Debug|Any CPU
		{7D6FF53D-0FE8-4B1D-A5B3-05CF708DBDC3}.Debug|Any CPU.Build.0 = Debug|Any CPU
		{7D6FF53D-0FE8-4B1D-A5B3-05CF708DBDC3}.Release|Any CPU.ActiveCfg = Release|Any CPU
		{7D6FF53D-0FE8-4B1D-A5B3-05CF708DBDC3}.Release|Any CPU.Build.0 = Release|Any CPU
		{E0190ACF-BC03-4567-8F99-D737EEBF11D4}.Debug|Any CPU.ActiveCfg = Debug|Any CPU
		{E0190ACF-BC03-4567-8F99-D737EEBF11D4}.Debug|Any CPU.Build.0 = Debug|Any CPU
		{E0190ACF-BC03-4567-8F99-D737EEBF11D4}.Release|Any CPU.ActiveCfg = Release|Any CPU
		{E0190ACF-BC03-4567-8F99-D737EEBF11D4}.Release|Any CPU.Build.0 = Release|Any CPU
		{61957ECB-83C3-4FA9-96E3-CA0EC71DAA93}.Debug|Any CPU.ActiveCfg = Debug|Any CPU
		{61957ECB-83C3-4FA9-96E3-CA0EC71DAA93}.Debug|Any CPU.Build.0 = Debug|Any CPU
		{61957ECB-83C3-4FA9-96E3-CA0EC71DAA93}.Release|Any CPU.ActiveCfg = Release|Any CPU
		{61957ECB-83C3-4FA9-96E3-CA0EC71DAA93}.Release|Any CPU.Build.0 = Release|Any CPU
		{50A600E1-BE6A-44BE-BEEF-9092CBA53268}.Debug|Any CPU.ActiveCfg = Debug|Any CPU
		{50A600E1-BE6A-44BE-BEEF-9092CBA53268}.Debug|Any CPU.Build.0 = Debug|Any CPU
		{50A600E1-BE6A-44BE-BEEF-9092CBA53268}.Release|Any CPU.ActiveCfg = Release|Any CPU
		{50A600E1-BE6A-44BE-BEEF-9092CBA53268}.Release|Any CPU.Build.0 = Release|Any CPU
		{7D619417-9313-4258-80FB-D746068D81ED}.Debug|Any CPU.ActiveCfg = Debug|Any CPU
		{7D619417-9313-4258-80FB-D746068D81ED}.Debug|Any CPU.Build.0 = Debug|Any CPU
		{7D619417-9313-4258-80FB-D746068D81ED}.Release|Any CPU.ActiveCfg = Release|Any CPU
		{7D619417-9313-4258-80FB-D746068D81ED}.Release|Any CPU.Build.0 = Release|Any CPU
		{4B7FC776-530F-4717-A389-164335FDD4D8}.Debug|Any CPU.ActiveCfg = Debug|Any CPU
		{4B7FC776-530F-4717-A389-164335FDD4D8}.Debug|Any CPU.Build.0 = Debug|Any CPU
		{4B7FC776-530F-4717-A389-164335FDD4D8}.Release|Any CPU.ActiveCfg = Release|Any CPU
		{4B7FC776-530F-4717-A389-164335FDD4D8}.Release|Any CPU.Build.0 = Release|Any CPU
		{569F6444-87A5-46E4-904F-0D13CA455835}.Debug|Any CPU.ActiveCfg = Debug|Any CPU
		{569F6444-87A5-46E4-904F-0D13CA455835}.Debug|Any CPU.Build.0 = Debug|Any CPU
		{569F6444-87A5-46E4-904F-0D13CA455835}.Release|Any CPU.ActiveCfg = Release|Any CPU
		{569F6444-87A5-46E4-904F-0D13CA455835}.Release|Any CPU.Build.0 = Release|Any CPU
		{F0118A02-FF14-4B42-B09D-FB996B474B68}.Debug|Any CPU.ActiveCfg = Debug|Any CPU
		{F0118A02-FF14-4B42-B09D-FB996B474B68}.Debug|Any CPU.Build.0 = Debug|Any CPU
		{F0118A02-FF14-4B42-B09D-FB996B474B68}.Release|Any CPU.ActiveCfg = Release|Any CPU
		{F0118A02-FF14-4B42-B09D-FB996B474B68}.Release|Any CPU.Build.0 = Release|Any CPU
		{B0EFBE93-03BD-44EC-95E3-459CE4EC7E84}.Debug|Any CPU.ActiveCfg = Debug|Any CPU
		{B0EFBE93-03BD-44EC-95E3-459CE4EC7E84}.Debug|Any CPU.Build.0 = Debug|Any CPU
		{B0EFBE93-03BD-44EC-95E3-459CE4EC7E84}.Release|Any CPU.ActiveCfg = Release|Any CPU
		{B0EFBE93-03BD-44EC-95E3-459CE4EC7E84}.Release|Any CPU.Build.0 = Release|Any CPU
		{5E55718A-3299-4F74-8266-2DBE3B066E2B}.Debug|Any CPU.ActiveCfg = Debug|Any CPU
		{5E55718A-3299-4F74-8266-2DBE3B066E2B}.Debug|Any CPU.Build.0 = Debug|Any CPU
		{5E55718A-3299-4F74-8266-2DBE3B066E2B}.Release|Any CPU.ActiveCfg = Release|Any CPU
		{5E55718A-3299-4F74-8266-2DBE3B066E2B}.Release|Any CPU.Build.0 = Release|Any CPU
	EndGlobalSection
	GlobalSection(SolutionProperties) = preSolution
		HideSolutionNode = FALSE
	EndGlobalSection
	GlobalSection(ExtensibilityGlobals) = postSolution
		SolutionGuid = {95F3F425-0321-41B0-BBE7-310A838E09B7}
	EndGlobalSection
EndGlobal
